// !$*UTF8*$!
{
	archiveVersion = 1;
	classes = {
	};
	objectVersion = 48;
	objects = {

/* Begin PBXBuildFile section */
		1462F1B09AC77ED4AC700B0C /* Pods_FarBeyond.framework in Frameworks */ = {isa = PBXBuildFile; fileRef = 8AF2183A49E4E89277571902 /* Pods_FarBeyond.framework */; };
		4670848D2080499400484AD6 /* CategoryChannelViewController.swift in Sources */ = {isa = PBXBuildFile; fileRef = 4670848C2080499400484AD6 /* CategoryChannelViewController.swift */; };
		4670848F2084024A00484AD6 /* Category.swift in Sources */ = {isa = PBXBuildFile; fileRef = 4670848E2084024A00484AD6 /* Category.swift */; };
		4670849120842D3E00484AD6 /* Channel.swift in Sources */ = {isa = PBXBuildFile; fileRef = 4670849020842D3E00484AD6 /* Channel.swift */; };
		4695FD61206C682D002509F7 /* AppDelegate.swift in Sources */ = {isa = PBXBuildFile; fileRef = 4695FD60206C682D002509F7 /* AppDelegate.swift */; };
		4695FD66206C682D002509F7 /* Main.storyboard in Resources */ = {isa = PBXBuildFile; fileRef = 4695FD64206C682D002509F7 /* Main.storyboard */; };
		4695FD68206C682D002509F7 /* Assets.xcassets in Resources */ = {isa = PBXBuildFile; fileRef = 4695FD67206C682D002509F7 /* Assets.xcassets */; };
		4695FD6B206C682D002509F7 /* LaunchScreen.storyboard in Resources */ = {isa = PBXBuildFile; fileRef = 4695FD69206C682D002509F7 /* LaunchScreen.storyboard */; };
		4695FD76206C682D002509F7 /* FarBeyondTests.swift in Sources */ = {isa = PBXBuildFile; fileRef = 4695FD75206C682D002509F7 /* FarBeyondTests.swift */; };
		4695FD81206C682D002509F7 /* FarBeyondUITests.swift in Sources */ = {isa = PBXBuildFile; fileRef = 4695FD80206C682D002509F7 /* FarBeyondUITests.swift */; };
		4695FD95206C76C4002509F7 /* CategoryTableViewDelegate.swift in Sources */ = {isa = PBXBuildFile; fileRef = 4695FD94206C76C4002509F7 /* CategoryTableViewDelegate.swift */; };
		4695FD99206CE18E002509F7 /* CategoryViewController.swift in Sources */ = {isa = PBXBuildFile; fileRef = 4695FD98206CE18E002509F7 /* CategoryViewController.swift */; };
		4695FD9C206DAFA6002509F7 /* YouTubeClient.swift in Sources */ = {isa = PBXBuildFile; fileRef = 4695FD9B206DAFA6002509F7 /* YouTubeClient.swift */; };
		4695FD9E206DAFB7002509F7 /* YouTubeConstants.swift in Sources */ = {isa = PBXBuildFile; fileRef = 4695FD9D206DAFB7002509F7 /* YouTubeConstants.swift */; };
		4695FDA0206DCBC6002509F7 /* LoginViewController.swift in Sources */ = {isa = PBXBuildFile; fileRef = 4695FD9F206DCBC6002509F7 /* LoginViewController.swift */; };
		4695FDA2207069E7002509F7 /* YouTubeConvenience.swift in Sources */ = {isa = PBXBuildFile; fileRef = 4695FDA1207069E7002509F7 /* YouTubeConvenience.swift */; };
		46AF1145207DA4D4003DEDF0 /* GCDBlackBox.swift in Sources */ = {isa = PBXBuildFile; fileRef = 46AF1144207DA4D4003DEDF0 /* GCDBlackBox.swift */; };
		46E6864C207303ED002DA8B5 /* User.swift in Sources */ = {isa = PBXBuildFile; fileRef = 46E6864B207303ED002DA8B5 /* User.swift */; };
		93717D8FDC8184C4C3F8A609 /* Pods_FarBeyondTests.framework in Frameworks */ = {isa = PBXBuildFile; fileRef = DB6F1B6368A980330D4AC3D8 /* Pods_FarBeyondTests.framework */; };
		D4241770E12679FEA06C289D /* Pods_FarBeyondUITests.framework in Frameworks */ = {isa = PBXBuildFile; fileRef = 1DA7A17222E4A16525C06040 /* Pods_FarBeyondUITests.framework */; };
/* End PBXBuildFile section */

/* Begin PBXContainerItemProxy section */
		4695FD72206C682D002509F7 /* PBXContainerItemProxy */ = {
			isa = PBXContainerItemProxy;
			containerPortal = 4695FD55206C682D002509F7 /* Project object */;
			proxyType = 1;
			remoteGlobalIDString = 4695FD5C206C682D002509F7;
			remoteInfo = FarBeyond;
		};
		4695FD7D206C682D002509F7 /* PBXContainerItemProxy */ = {
			isa = PBXContainerItemProxy;
			containerPortal = 4695FD55206C682D002509F7 /* Project object */;
			proxyType = 1;
			remoteGlobalIDString = 4695FD5C206C682D002509F7;
			remoteInfo = FarBeyond;
		};
/* End PBXContainerItemProxy section */

/* Begin PBXFileReference section */
		18997CA210787D69F4C9B84A /* Pods-FarBeyondTests.release.xcconfig */ = {isa = PBXFileReference; includeInIndex = 1; lastKnownFileType = text.xcconfig; name = "Pods-FarBeyondTests.release.xcconfig"; path = "Pods/Target Support Files/Pods-FarBeyondTests/Pods-FarBeyondTests.release.xcconfig"; sourceTree = "<group>"; };
		1DA7A17222E4A16525C06040 /* Pods_FarBeyondUITests.framework */ = {isa = PBXFileReference; explicitFileType = wrapper.framework; includeInIndex = 0; path = Pods_FarBeyondUITests.framework; sourceTree = BUILT_PRODUCTS_DIR; };
		201D320CFC0DF1BA9DF23EF2 /* Pods-FarBeyond.release.xcconfig */ = {isa = PBXFileReference; includeInIndex = 1; lastKnownFileType = text.xcconfig; name = "Pods-FarBeyond.release.xcconfig"; path = "Pods/Target Support Files/Pods-FarBeyond/Pods-FarBeyond.release.xcconfig"; sourceTree = "<group>"; };
		3FA9377AE98257D9FF83A237 /* Pods-FarBeyondUITests.release.xcconfig */ = {isa = PBXFileReference; includeInIndex = 1; lastKnownFileType = text.xcconfig; name = "Pods-FarBeyondUITests.release.xcconfig"; path = "Pods/Target Support Files/Pods-FarBeyondUITests/Pods-FarBeyondUITests.release.xcconfig"; sourceTree = "<group>"; };
		4670848C2080499400484AD6 /* CategoryChannelViewController.swift */ = {isa = PBXFileReference; lastKnownFileType = sourcecode.swift; path = CategoryChannelViewController.swift; sourceTree = "<group>"; };
		4670848E2084024A00484AD6 /* Category.swift */ = {isa = PBXFileReference; lastKnownFileType = sourcecode.swift; path = Category.swift; sourceTree = "<group>"; };
		4670849020842D3E00484AD6 /* Channel.swift */ = {isa = PBXFileReference; lastKnownFileType = sourcecode.swift; path = Channel.swift; sourceTree = "<group>"; };
		4695FD5D206C682D002509F7 /* FarBeyond.app */ = {isa = PBXFileReference; explicitFileType = wrapper.application; includeInIndex = 0; path = FarBeyond.app; sourceTree = BUILT_PRODUCTS_DIR; };
		4695FD60206C682D002509F7 /* AppDelegate.swift */ = {isa = PBXFileReference; lastKnownFileType = sourcecode.swift; path = AppDelegate.swift; sourceTree = "<group>"; };
		4695FD65206C682D002509F7 /* Base */ = {isa = PBXFileReference; lastKnownFileType = file.storyboard; name = Base; path = Base.lproj/Main.storyboard; sourceTree = "<group>"; };
		4695FD67206C682D002509F7 /* Assets.xcassets */ = {isa = PBXFileReference; lastKnownFileType = folder.assetcatalog; path = Assets.xcassets; sourceTree = "<group>"; };
		4695FD6A206C682D002509F7 /* Base */ = {isa = PBXFileReference; lastKnownFileType = file.storyboard; name = Base; path = Base.lproj/LaunchScreen.storyboard; sourceTree = "<group>"; };
		4695FD6C206C682D002509F7 /* Info.plist */ = {isa = PBXFileReference; lastKnownFileType = text.plist.xml; path = Info.plist; sourceTree = "<group>"; };
		4695FD71206C682D002509F7 /* FarBeyondTests.xctest */ = {isa = PBXFileReference; explicitFileType = wrapper.cfbundle; includeInIndex = 0; path = FarBeyondTests.xctest; sourceTree = BUILT_PRODUCTS_DIR; };
		4695FD75206C682D002509F7 /* FarBeyondTests.swift */ = {isa = PBXFileReference; lastKnownFileType = sourcecode.swift; path = FarBeyondTests.swift; sourceTree = "<group>"; };
		4695FD77206C682D002509F7 /* Info.plist */ = {isa = PBXFileReference; lastKnownFileType = text.plist.xml; path = Info.plist; sourceTree = "<group>"; };
		4695FD7C206C682D002509F7 /* FarBeyondUITests.xctest */ = {isa = PBXFileReference; explicitFileType = wrapper.cfbundle; includeInIndex = 0; path = FarBeyondUITests.xctest; sourceTree = BUILT_PRODUCTS_DIR; };
		4695FD80206C682D002509F7 /* FarBeyondUITests.swift */ = {isa = PBXFileReference; lastKnownFileType = sourcecode.swift; path = FarBeyondUITests.swift; sourceTree = "<group>"; };
		4695FD82206C682D002509F7 /* Info.plist */ = {isa = PBXFileReference; lastKnownFileType = text.plist.xml; path = Info.plist; sourceTree = "<group>"; };
		4695FD94206C76C4002509F7 /* CategoryTableViewDelegate.swift */ = {isa = PBXFileReference; lastKnownFileType = sourcecode.swift; path = CategoryTableViewDelegate.swift; sourceTree = "<group>"; };
		4695FD98206CE18E002509F7 /* CategoryViewController.swift */ = {isa = PBXFileReference; fileEncoding = 4; lastKnownFileType = sourcecode.swift; path = CategoryViewController.swift; sourceTree = "<group>"; };
		4695FD9B206DAFA6002509F7 /* YouTubeClient.swift */ = {isa = PBXFileReference; lastKnownFileType = sourcecode.swift; path = YouTubeClient.swift; sourceTree = "<group>"; };
		4695FD9D206DAFB7002509F7 /* YouTubeConstants.swift */ = {isa = PBXFileReference; lastKnownFileType = sourcecode.swift; path = YouTubeConstants.swift; sourceTree = "<group>"; };
		4695FD9F206DCBC6002509F7 /* LoginViewController.swift */ = {isa = PBXFileReference; lastKnownFileType = sourcecode.swift; path = LoginViewController.swift; sourceTree = "<group>"; };
		4695FDA1207069E7002509F7 /* YouTubeConvenience.swift */ = {isa = PBXFileReference; lastKnownFileType = sourcecode.swift; path = YouTubeConvenience.swift; sourceTree = "<group>"; };
		46AF1144207DA4D4003DEDF0 /* GCDBlackBox.swift */ = {isa = PBXFileReference; fileEncoding = 4; lastKnownFileType = sourcecode.swift; path = GCDBlackBox.swift; sourceTree = "<group>"; };
		46E6864B207303ED002DA8B5 /* User.swift */ = {isa = PBXFileReference; lastKnownFileType = sourcecode.swift; path = User.swift; sourceTree = "<group>"; };
		576B57DEE4B7CAB15AC3411A /* Pods-FarBeyondUITests.debug.xcconfig */ = {isa = PBXFileReference; includeInIndex = 1; lastKnownFileType = text.xcconfig; name = "Pods-FarBeyondUITests.debug.xcconfig"; path = "Pods/Target Support Files/Pods-FarBeyondUITests/Pods-FarBeyondUITests.debug.xcconfig"; sourceTree = "<group>"; };
		8AF2183A49E4E89277571902 /* Pods_FarBeyond.framework */ = {isa = PBXFileReference; explicitFileType = wrapper.framework; includeInIndex = 0; path = Pods_FarBeyond.framework; sourceTree = BUILT_PRODUCTS_DIR; };
		9710BCF91E72F41903769CB8 /* Pods-FarBeyondTests.debug.xcconfig */ = {isa = PBXFileReference; includeInIndex = 1; lastKnownFileType = text.xcconfig; name = "Pods-FarBeyondTests.debug.xcconfig"; path = "Pods/Target Support Files/Pods-FarBeyondTests/Pods-FarBeyondTests.debug.xcconfig"; sourceTree = "<group>"; };
		A36A9A42998AC7D394629D5E /* Pods-FarBeyond.debug.xcconfig */ = {isa = PBXFileReference; includeInIndex = 1; lastKnownFileType = text.xcconfig; name = "Pods-FarBeyond.debug.xcconfig"; path = "Pods/Target Support Files/Pods-FarBeyond/Pods-FarBeyond.debug.xcconfig"; sourceTree = "<group>"; };
		DB6F1B6368A980330D4AC3D8 /* Pods_FarBeyondTests.framework */ = {isa = PBXFileReference; explicitFileType = wrapper.framework; includeInIndex = 0; path = Pods_FarBeyondTests.framework; sourceTree = BUILT_PRODUCTS_DIR; };
/* End PBXFileReference section */

/* Begin PBXFrameworksBuildPhase section */
		4695FD5A206C682D002509F7 /* Frameworks */ = {
			isa = PBXFrameworksBuildPhase;
			buildActionMask = 2147483647;
			files = (
				1462F1B09AC77ED4AC700B0C /* Pods_FarBeyond.framework in Frameworks */,
			);
			runOnlyForDeploymentPostprocessing = 0;
		};
		4695FD6E206C682D002509F7 /* Frameworks */ = {
			isa = PBXFrameworksBuildPhase;
			buildActionMask = 2147483647;
			files = (
				93717D8FDC8184C4C3F8A609 /* Pods_FarBeyondTests.framework in Frameworks */,
			);
			runOnlyForDeploymentPostprocessing = 0;
		};
		4695FD79206C682D002509F7 /* Frameworks */ = {
			isa = PBXFrameworksBuildPhase;
			buildActionMask = 2147483647;
			files = (
				D4241770E12679FEA06C289D /* Pods_FarBeyondUITests.framework in Frameworks */,
			);
			runOnlyForDeploymentPostprocessing = 0;
		};
/* End PBXFrameworksBuildPhase section */

/* Begin PBXGroup section */
		3E4B276971821C4B753E48BE /* Frameworks */ = {
			isa = PBXGroup;
			children = (
				8AF2183A49E4E89277571902 /* Pods_FarBeyond.framework */,
				DB6F1B6368A980330D4AC3D8 /* Pods_FarBeyondTests.framework */,
				1DA7A17222E4A16525C06040 /* Pods_FarBeyondUITests.framework */,
			);
			name = Frameworks;
			sourceTree = "<group>";
		};
		4695FD54206C682D002509F7 = {
			isa = PBXGroup;
			children = (
				4695FD5F206C682D002509F7 /* FarBeyond */,
				4695FD74206C682D002509F7 /* FarBeyondTests */,
				4695FD7F206C682D002509F7 /* FarBeyondUITests */,
				4695FD5E206C682D002509F7 /* Products */,
				9AC9D0E3B0FC40D756BABD51 /* Pods */,
				3E4B276971821C4B753E48BE /* Frameworks */,
			);
			sourceTree = "<group>";
		};
		4695FD5E206C682D002509F7 /* Products */ = {
			isa = PBXGroup;
			children = (
				4695FD5D206C682D002509F7 /* FarBeyond.app */,
				4695FD71206C682D002509F7 /* FarBeyondTests.xctest */,
				4695FD7C206C682D002509F7 /* FarBeyondUITests.xctest */,
			);
			name = Products;
			sourceTree = "<group>";
		};
		4695FD5F206C682D002509F7 /* FarBeyond */ = {
			isa = PBXGroup;
			children = (
				4695FD90206C6FA6002509F7 /* Controllers */,
				4695FD8F206C6F9B002509F7 /* View */,
				4695FD8E206C6F8D002509F7 /* Model */,
				4695FD60206C682D002509F7 /* AppDelegate.swift */,
				46AF1144207DA4D4003DEDF0 /* GCDBlackBox.swift */,
				4695FD64206C682D002509F7 /* Main.storyboard */,
				4695FD67206C682D002509F7 /* Assets.xcassets */,
				4695FD69206C682D002509F7 /* LaunchScreen.storyboard */,
				4695FD6C206C682D002509F7 /* Info.plist */,
			);
			path = FarBeyond;
			sourceTree = "<group>";
		};
		4695FD74206C682D002509F7 /* FarBeyondTests */ = {
			isa = PBXGroup;
			children = (
				4695FD75206C682D002509F7 /* FarBeyondTests.swift */,
				4695FD77206C682D002509F7 /* Info.plist */,
			);
			path = FarBeyondTests;
			sourceTree = "<group>";
		};
		4695FD7F206C682D002509F7 /* FarBeyondUITests */ = {
			isa = PBXGroup;
			children = (
				4695FD80206C682D002509F7 /* FarBeyondUITests.swift */,
				4695FD82206C682D002509F7 /* Info.plist */,
			);
			path = FarBeyondUITests;
			sourceTree = "<group>";
		};
		4695FD8E206C6F8D002509F7 /* Model */ = {
			isa = PBXGroup;
			children = (
				4695FD9A206DAF7B002509F7 /* YouTube */,
				46E6864B207303ED002DA8B5 /* User.swift */,
				4670848E2084024A00484AD6 /* Category.swift */,
				4670849020842D3E00484AD6 /* Channel.swift */,
			);
			path = Model;
			sourceTree = "<group>";
		};
		4695FD8F206C6F9B002509F7 /* View */ = {
			isa = PBXGroup;
			children = (
			);
			path = View;
			sourceTree = "<group>";
		};
		4695FD90206C6FA6002509F7 /* Controllers */ = {
			isa = PBXGroup;
			children = (
				4695FD93206C7687002509F7 /* Delegates */,
				4695FD9F206DCBC6002509F7 /* LoginViewController.swift */,
				4695FD98206CE18E002509F7 /* CategoryViewController.swift */,
				4670848C2080499400484AD6 /* CategoryChannelViewController.swift */,
			);
			path = Controllers;
			sourceTree = "<group>";
		};
		4695FD93206C7687002509F7 /* Delegates */ = {
			isa = PBXGroup;
			children = (
				4695FD94206C76C4002509F7 /* CategoryTableViewDelegate.swift */,
			);
			path = Delegates;
			sourceTree = "<group>";
		};
		4695FD9A206DAF7B002509F7 /* YouTube */ = {
			isa = PBXGroup;
			children = (
				4695FD9B206DAFA6002509F7 /* YouTubeClient.swift */,
				4695FD9D206DAFB7002509F7 /* YouTubeConstants.swift */,
				4695FDA1207069E7002509F7 /* YouTubeConvenience.swift */,
			);
			path = YouTube;
			sourceTree = "<group>";
		};
		9AC9D0E3B0FC40D756BABD51 /* Pods */ = {
			isa = PBXGroup;
			children = (
				A36A9A42998AC7D394629D5E /* Pods-FarBeyond.debug.xcconfig */,
				201D320CFC0DF1BA9DF23EF2 /* Pods-FarBeyond.release.xcconfig */,
				9710BCF91E72F41903769CB8 /* Pods-FarBeyondTests.debug.xcconfig */,
				18997CA210787D69F4C9B84A /* Pods-FarBeyondTests.release.xcconfig */,
				576B57DEE4B7CAB15AC3411A /* Pods-FarBeyondUITests.debug.xcconfig */,
				3FA9377AE98257D9FF83A237 /* Pods-FarBeyondUITests.release.xcconfig */,
			);
			name = Pods;
			sourceTree = "<group>";
		};
/* End PBXGroup section */

/* Begin PBXNativeTarget section */
		4695FD5C206C682D002509F7 /* FarBeyond */ = {
			isa = PBXNativeTarget;
			buildConfigurationList = 4695FD85206C682D002509F7 /* Build configuration list for PBXNativeTarget "FarBeyond" */;
			buildPhases = (
				007BE7A46E41772E4F56EE43 /* [CP] Check Pods Manifest.lock */,
				4695FD59206C682D002509F7 /* Sources */,
				4695FD5A206C682D002509F7 /* Frameworks */,
				4695FD5B206C682D002509F7 /* Resources */,
				01AF9628DDBF1E7C5ED8EB5A /* [CP] Embed Pods Frameworks */,
				A2AB7812EF91F05B56CF1612 /* [CP] Copy Pods Resources */,
			);
			buildRules = (
			);
			dependencies = (
			);
			name = FarBeyond;
			productName = FarBeyond;
			productReference = 4695FD5D206C682D002509F7 /* FarBeyond.app */;
			productType = "com.apple.product-type.application";
		};
		4695FD70206C682D002509F7 /* FarBeyondTests */ = {
			isa = PBXNativeTarget;
			buildConfigurationList = 4695FD88206C682D002509F7 /* Build configuration list for PBXNativeTarget "FarBeyondTests" */;
			buildPhases = (
				E7C85F851BE51D6FCEE64365 /* [CP] Check Pods Manifest.lock */,
				4695FD6D206C682D002509F7 /* Sources */,
				4695FD6E206C682D002509F7 /* Frameworks */,
				4695FD6F206C682D002509F7 /* Resources */,
				0FA926B73D59EDFEC73D46A8 /* [CP] Embed Pods Frameworks */,
				602A678E034477B305010E30 /* [CP] Copy Pods Resources */,
			);
			buildRules = (
			);
			dependencies = (
				4695FD73206C682D002509F7 /* PBXTargetDependency */,
			);
			name = FarBeyondTests;
			productName = FarBeyondTests;
			productReference = 4695FD71206C682D002509F7 /* FarBeyondTests.xctest */;
			productType = "com.apple.product-type.bundle.unit-test";
		};
		4695FD7B206C682D002509F7 /* FarBeyondUITests */ = {
			isa = PBXNativeTarget;
			buildConfigurationList = 4695FD8B206C682D002509F7 /* Build configuration list for PBXNativeTarget "FarBeyondUITests" */;
			buildPhases = (
				F87B56CED2854FDE6AB00DE1 /* [CP] Check Pods Manifest.lock */,
				4695FD78206C682D002509F7 /* Sources */,
				4695FD79206C682D002509F7 /* Frameworks */,
				4695FD7A206C682D002509F7 /* Resources */,
				C61F9DB4F36958C10EA39F26 /* [CP] Embed Pods Frameworks */,
				2F303A590A05609882A1532B /* [CP] Copy Pods Resources */,
			);
			buildRules = (
			);
			dependencies = (
				4695FD7E206C682D002509F7 /* PBXTargetDependency */,
			);
			name = FarBeyondUITests;
			productName = FarBeyondUITests;
			productReference = 4695FD7C206C682D002509F7 /* FarBeyondUITests.xctest */;
			productType = "com.apple.product-type.bundle.ui-testing";
		};
/* End PBXNativeTarget section */

/* Begin PBXProject section */
		4695FD55206C682D002509F7 /* Project object */ = {
			isa = PBXProject;
			attributes = {
				LastSwiftUpdateCheck = 0920;
				LastUpgradeCheck = 0930;
				ORGANIZATIONNAME = "Thomas Milgrew";
				TargetAttributes = {
					4695FD5C206C682D002509F7 = {
						CreatedOnToolsVersion = 9.2;
						ProvisioningStyle = Automatic;
					};
					4695FD70206C682D002509F7 = {
						CreatedOnToolsVersion = 9.2;
						ProvisioningStyle = Automatic;
						TestTargetID = 4695FD5C206C682D002509F7;
					};
					4695FD7B206C682D002509F7 = {
						CreatedOnToolsVersion = 9.2;
						ProvisioningStyle = Automatic;
						TestTargetID = 4695FD5C206C682D002509F7;
					};
				};
			};
			buildConfigurationList = 4695FD58206C682D002509F7 /* Build configuration list for PBXProject "FarBeyond" */;
			compatibilityVersion = "Xcode 8.0";
			developmentRegion = en;
			hasScannedForEncodings = 0;
			knownRegions = (
				en,
				Base,
			);
			mainGroup = 4695FD54206C682D002509F7;
			productRefGroup = 4695FD5E206C682D002509F7 /* Products */;
			projectDirPath = "";
			projectRoot = "";
			targets = (
				4695FD5C206C682D002509F7 /* FarBeyond */,
				4695FD70206C682D002509F7 /* FarBeyondTests */,
				4695FD7B206C682D002509F7 /* FarBeyondUITests */,
			);
		};
/* End PBXProject section */

/* Begin PBXResourcesBuildPhase section */
		4695FD5B206C682D002509F7 /* Resources */ = {
			isa = PBXResourcesBuildPhase;
			buildActionMask = 2147483647;
			files = (
				4695FD6B206C682D002509F7 /* LaunchScreen.storyboard in Resources */,
				4695FD68206C682D002509F7 /* Assets.xcassets in Resources */,
				4695FD66206C682D002509F7 /* Main.storyboard in Resources */,
			);
			runOnlyForDeploymentPostprocessing = 0;
		};
		4695FD6F206C682D002509F7 /* Resources */ = {
			isa = PBXResourcesBuildPhase;
			buildActionMask = 2147483647;
			files = (
			);
			runOnlyForDeploymentPostprocessing = 0;
		};
		4695FD7A206C682D002509F7 /* Resources */ = {
			isa = PBXResourcesBuildPhase;
			buildActionMask = 2147483647;
			files = (
			);
			runOnlyForDeploymentPostprocessing = 0;
		};
/* End PBXResourcesBuildPhase section */

/* Begin PBXShellScriptBuildPhase section */
		007BE7A46E41772E4F56EE43 /* [CP] Check Pods Manifest.lock */ = {
			isa = PBXShellScriptBuildPhase;
			buildActionMask = 2147483647;
			files = (
			);
			inputPaths = (
				"${PODS_PODFILE_DIR_PATH}/Podfile.lock",
				"${PODS_ROOT}/Manifest.lock",
			);
			name = "[CP] Check Pods Manifest.lock";
			outputPaths = (
				"$(DERIVED_FILE_DIR)/Pods-FarBeyond-checkManifestLockResult.txt",
			);
			runOnlyForDeploymentPostprocessing = 0;
			shellPath = /bin/sh;
			shellScript = "diff \"${PODS_PODFILE_DIR_PATH}/Podfile.lock\" \"${PODS_ROOT}/Manifest.lock\" > /dev/null\nif [ $? != 0 ] ; then\n    # print error to STDERR\n    echo \"error: The sandbox is not in sync with the Podfile.lock. Run 'pod install' or update your CocoaPods installation.\" >&2\n    exit 1\nfi\n# This output is used by Xcode 'outputs' to avoid re-running this script phase.\necho \"SUCCESS\" > \"${SCRIPT_OUTPUT_FILE_0}\"\n";
			showEnvVarsInLog = 0;
		};
		01AF9628DDBF1E7C5ED8EB5A /* [CP] Embed Pods Frameworks */ = {
			isa = PBXShellScriptBuildPhase;
			buildActionMask = 2147483647;
			files = (
			);
			inputPaths = (
				"${SRCROOT}/Pods/Target Support Files/Pods-FarBeyond/Pods-FarBeyond-frameworks.sh",
				"${BUILT_PRODUCTS_DIR}/GTMOAuth2/GTMOAuth2.framework",
				"${BUILT_PRODUCTS_DIR}/GTMSessionFetcher/GTMSessionFetcher.framework",
				"${BUILT_PRODUCTS_DIR}/GoogleToolboxForMac/GoogleToolboxForMac.framework",
			);
			name = "[CP] Embed Pods Frameworks";
			outputPaths = (
				"${TARGET_BUILD_DIR}/${FRAMEWORKS_FOLDER_PATH}/GTMOAuth2.framework",
				"${TARGET_BUILD_DIR}/${FRAMEWORKS_FOLDER_PATH}/GTMSessionFetcher.framework",
				"${TARGET_BUILD_DIR}/${FRAMEWORKS_FOLDER_PATH}/GoogleToolboxForMac.framework",
			);
			runOnlyForDeploymentPostprocessing = 0;
			shellPath = /bin/sh;
			shellScript = "\"${SRCROOT}/Pods/Target Support Files/Pods-FarBeyond/Pods-FarBeyond-frameworks.sh\"\n";
			showEnvVarsInLog = 0;
		};
		0FA926B73D59EDFEC73D46A8 /* [CP] Embed Pods Frameworks */ = {
			isa = PBXShellScriptBuildPhase;
			buildActionMask = 2147483647;
			files = (
			);
			inputPaths = (
			);
			name = "[CP] Embed Pods Frameworks";
			outputPaths = (
			);
			runOnlyForDeploymentPostprocessing = 0;
			shellPath = /bin/sh;
			shellScript = "\"${SRCROOT}/Pods/Target Support Files/Pods-FarBeyondTests/Pods-FarBeyondTests-frameworks.sh\"\n";
			showEnvVarsInLog = 0;
		};
		2F303A590A05609882A1532B /* [CP] Copy Pods Resources */ = {
			isa = PBXShellScriptBuildPhase;
			buildActionMask = 2147483647;
			files = (
			);
			inputPaths = (
			);
			name = "[CP] Copy Pods Resources";
			outputPaths = (
			);
			runOnlyForDeploymentPostprocessing = 0;
			shellPath = /bin/sh;
			shellScript = "\"${SRCROOT}/Pods/Target Support Files/Pods-FarBeyondUITests/Pods-FarBeyondUITests-resources.sh\"\n";
			showEnvVarsInLog = 0;
		};
		602A678E034477B305010E30 /* [CP] Copy Pods Resources */ = {
			isa = PBXShellScriptBuildPhase;
			buildActionMask = 2147483647;
			files = (
			);
			inputPaths = (
			);
			name = "[CP] Copy Pods Resources";
			outputPaths = (
			);
			runOnlyForDeploymentPostprocessing = 0;
			shellPath = /bin/sh;
			shellScript = "\"${SRCROOT}/Pods/Target Support Files/Pods-FarBeyondTests/Pods-FarBeyondTests-resources.sh\"\n";
			showEnvVarsInLog = 0;
		};
		A2AB7812EF91F05B56CF1612 /* [CP] Copy Pods Resources */ = {
			isa = PBXShellScriptBuildPhase;
			buildActionMask = 2147483647;
			files = (
			);
			inputPaths = (
				"${SRCROOT}/Pods/Target Support Files/Pods-FarBeyond/Pods-FarBeyond-resources.sh",
				"${PODS_ROOT}/GoogleSignIn/Resources/GoogleSignIn.bundle",
			);
			name = "[CP] Copy Pods Resources";
			outputPaths = (
				"${TARGET_BUILD_DIR}/${UNLOCALIZED_RESOURCES_FOLDER_PATH}/GoogleSignIn.bundle",
			);
			runOnlyForDeploymentPostprocessing = 0;
			shellPath = /bin/sh;
			shellScript = "\"${SRCROOT}/Pods/Target Support Files/Pods-FarBeyond/Pods-FarBeyond-resources.sh\"\n";
			showEnvVarsInLog = 0;
		};
		C61F9DB4F36958C10EA39F26 /* [CP] Embed Pods Frameworks */ = {
			isa = PBXShellScriptBuildPhase;
			buildActionMask = 2147483647;
			files = (
			);
			inputPaths = (
			);
			name = "[CP] Embed Pods Frameworks";
			outputPaths = (
			);
			runOnlyForDeploymentPostprocessing = 0;
			shellPath = /bin/sh;
			shellScript = "\"${SRCROOT}/Pods/Target Support Files/Pods-FarBeyondUITests/Pods-FarBeyondUITests-frameworks.sh\"\n";
			showEnvVarsInLog = 0;
		};
		E7C85F851BE51D6FCEE64365 /* [CP] Check Pods Manifest.lock */ = {
			isa = PBXShellScriptBuildPhase;
			buildActionMask = 2147483647;
			files = (
			);
			inputPaths = (
				"${PODS_PODFILE_DIR_PATH}/Podfile.lock",
				"${PODS_ROOT}/Manifest.lock",
			);
			name = "[CP] Check Pods Manifest.lock";
			outputPaths = (
				"$(DERIVED_FILE_DIR)/Pods-FarBeyondTests-checkManifestLockResult.txt",
			);
			runOnlyForDeploymentPostprocessing = 0;
			shellPath = /bin/sh;
			shellScript = "diff \"${PODS_PODFILE_DIR_PATH}/Podfile.lock\" \"${PODS_ROOT}/Manifest.lock\" > /dev/null\nif [ $? != 0 ] ; then\n    # print error to STDERR\n    echo \"error: The sandbox is not in sync with the Podfile.lock. Run 'pod install' or update your CocoaPods installation.\" >&2\n    exit 1\nfi\n# This output is used by Xcode 'outputs' to avoid re-running this script phase.\necho \"SUCCESS\" > \"${SCRIPT_OUTPUT_FILE_0}\"\n";
			showEnvVarsInLog = 0;
		};
		F87B56CED2854FDE6AB00DE1 /* [CP] Check Pods Manifest.lock */ = {
			isa = PBXShellScriptBuildPhase;
			buildActionMask = 2147483647;
			files = (
			);
			inputPaths = (
				"${PODS_PODFILE_DIR_PATH}/Podfile.lock",
				"${PODS_ROOT}/Manifest.lock",
			);
			name = "[CP] Check Pods Manifest.lock";
			outputPaths = (
				"$(DERIVED_FILE_DIR)/Pods-FarBeyondUITests-checkManifestLockResult.txt",
			);
			runOnlyForDeploymentPostprocessing = 0;
			shellPath = /bin/sh;
			shellScript = "diff \"${PODS_PODFILE_DIR_PATH}/Podfile.lock\" \"${PODS_ROOT}/Manifest.lock\" > /dev/null\nif [ $? != 0 ] ; then\n    # print error to STDERR\n    echo \"error: The sandbox is not in sync with the Podfile.lock. Run 'pod install' or update your CocoaPods installation.\" >&2\n    exit 1\nfi\n# This output is used by Xcode 'outputs' to avoid re-running this script phase.\necho \"SUCCESS\" > \"${SCRIPT_OUTPUT_FILE_0}\"\n";
			showEnvVarsInLog = 0;
		};
/* End PBXShellScriptBuildPhase section */

/* Begin PBXSourcesBuildPhase section */
		4695FD59206C682D002509F7 /* Sources */ = {
			isa = PBXSourcesBuildPhase;
			buildActionMask = 2147483647;
			files = (
				4695FDA0206DCBC6002509F7 /* LoginViewController.swift in Sources */,
				4670849120842D3E00484AD6 /* Channel.swift in Sources */,
				4695FD9E206DAFB7002509F7 /* YouTubeConstants.swift in Sources */,
				4670848D2080499400484AD6 /* CategoryChannelViewController.swift in Sources */,
				4695FD99206CE18E002509F7 /* CategoryViewController.swift in Sources */,
				4695FD95206C76C4002509F7 /* CategoryTableViewDelegate.swift in Sources */,
				46E6864C207303ED002DA8B5 /* User.swift in Sources */,
				4695FDA2207069E7002509F7 /* YouTubeConvenience.swift in Sources */,
				4695FD9C206DAFA6002509F7 /* YouTubeClient.swift in Sources */,
				46AF1145207DA4D4003DEDF0 /* GCDBlackBox.swift in Sources */,
				4695FD61206C682D002509F7 /* AppDelegate.swift in Sources */,
				4670848F2084024A00484AD6 /* Category.swift in Sources */,
			);
			runOnlyForDeploymentPostprocessing = 0;
		};
		4695FD6D206C682D002509F7 /* Sources */ = {
			isa = PBXSourcesBuildPhase;
			buildActionMask = 2147483647;
			files = (
				4695FD76206C682D002509F7 /* FarBeyondTests.swift in Sources */,
			);
			runOnlyForDeploymentPostprocessing = 0;
		};
		4695FD78206C682D002509F7 /* Sources */ = {
			isa = PBXSourcesBuildPhase;
			buildActionMask = 2147483647;
			files = (
				4695FD81206C682D002509F7 /* FarBeyondUITests.swift in Sources */,
			);
			runOnlyForDeploymentPostprocessing = 0;
		};
/* End PBXSourcesBuildPhase section */

/* Begin PBXTargetDependency section */
		4695FD73206C682D002509F7 /* PBXTargetDependency */ = {
			isa = PBXTargetDependency;
			target = 4695FD5C206C682D002509F7 /* FarBeyond */;
			targetProxy = 4695FD72206C682D002509F7 /* PBXContainerItemProxy */;
		};
		4695FD7E206C682D002509F7 /* PBXTargetDependency */ = {
			isa = PBXTargetDependency;
			target = 4695FD5C206C682D002509F7 /* FarBeyond */;
			targetProxy = 4695FD7D206C682D002509F7 /* PBXContainerItemProxy */;
		};
/* End PBXTargetDependency section */

/* Begin PBXVariantGroup section */
		4695FD64206C682D002509F7 /* Main.storyboard */ = {
			isa = PBXVariantGroup;
			children = (
				4695FD65206C682D002509F7 /* Base */,
			);
			name = Main.storyboard;
			sourceTree = "<group>";
		};
		4695FD69206C682D002509F7 /* LaunchScreen.storyboard */ = {
			isa = PBXVariantGroup;
			children = (
				4695FD6A206C682D002509F7 /* Base */,
			);
			name = LaunchScreen.storyboard;
			sourceTree = "<group>";
		};
/* End PBXVariantGroup section */

/* Begin XCBuildConfiguration section */
		4695FD83206C682D002509F7 /* Debug */ = {
			isa = XCBuildConfiguration;
			buildSettings = {
				ALWAYS_SEARCH_USER_PATHS = NO;
				CLANG_ANALYZER_NONNULL = YES;
				CLANG_ANALYZER_NUMBER_OBJECT_CONVERSION = YES_AGGRESSIVE;
				CLANG_CXX_LANGUAGE_STANDARD = "gnu++14";
				CLANG_CXX_LIBRARY = "libc++";
				CLANG_ENABLE_MODULES = YES;
				CLANG_ENABLE_OBJC_ARC = YES;
				CLANG_WARN_BLOCK_CAPTURE_AUTORELEASING = YES;
				CLANG_WARN_BOOL_CONVERSION = YES;
				CLANG_WARN_COMMA = YES;
				CLANG_WARN_CONSTANT_CONVERSION = YES;
				CLANG_WARN_DEPRECATED_OBJC_IMPLEMENTATIONS = YES;
				CLANG_WARN_DIRECT_OBJC_ISA_USAGE = YES_ERROR;
				CLANG_WARN_DOCUMENTATION_COMMENTS = YES;
				CLANG_WARN_EMPTY_BODY = YES;
				CLANG_WARN_ENUM_CONVERSION = YES;
				CLANG_WARN_INFINITE_RECURSION = YES;
				CLANG_WARN_INT_CONVERSION = YES;
				CLANG_WARN_NON_LITERAL_NULL_CONVERSION = YES;
				CLANG_WARN_OBJC_IMPLICIT_RETAIN_SELF = YES;
				CLANG_WARN_OBJC_LITERAL_CONVERSION = YES;
				CLANG_WARN_OBJC_ROOT_CLASS = YES_ERROR;
				CLANG_WARN_RANGE_LOOP_ANALYSIS = YES;
				CLANG_WARN_STRICT_PROTOTYPES = YES;
				CLANG_WARN_SUSPICIOUS_MOVE = YES;
				CLANG_WARN_UNGUARDED_AVAILABILITY = YES_AGGRESSIVE;
				CLANG_WARN_UNREACHABLE_CODE = YES;
				CLANG_WARN__DUPLICATE_METHOD_MATCH = YES;
				CODE_SIGN_IDENTITY = "iPhone Developer";
				COPY_PHASE_STRIP = NO;
				DEBUG_INFORMATION_FORMAT = dwarf;
				ENABLE_STRICT_OBJC_MSGSEND = YES;
				ENABLE_TESTABILITY = YES;
				GCC_C_LANGUAGE_STANDARD = gnu11;
				GCC_DYNAMIC_NO_PIC = NO;
				GCC_NO_COMMON_BLOCKS = YES;
				GCC_OPTIMIZATION_LEVEL = 0;
				GCC_PREPROCESSOR_DEFINITIONS = (
					"DEBUG=1",
					"$(inherited)",
				);
				GCC_WARN_64_TO_32_BIT_CONVERSION = YES;
				GCC_WARN_ABOUT_RETURN_TYPE = YES_ERROR;
				GCC_WARN_UNDECLARED_SELECTOR = YES;
				GCC_WARN_UNINITIALIZED_AUTOS = YES_AGGRESSIVE;
				GCC_WARN_UNUSED_FUNCTION = YES;
				GCC_WARN_UNUSED_VARIABLE = YES;
				IPHONEOS_DEPLOYMENT_TARGET = 10.0;
				MTL_ENABLE_DEBUG_INFO = YES;
				ONLY_ACTIVE_ARCH = YES;
				SDKROOT = iphoneos;
				SWIFT_ACTIVE_COMPILATION_CONDITIONS = DEBUG;
				SWIFT_OPTIMIZATION_LEVEL = "-Onone";
			};
			name = Debug;
		};
		4695FD84206C682D002509F7 /* Release */ = {
			isa = XCBuildConfiguration;
			buildSettings = {
				ALWAYS_SEARCH_USER_PATHS = NO;
				CLANG_ANALYZER_NONNULL = YES;
				CLANG_ANALYZER_NUMBER_OBJECT_CONVERSION = YES_AGGRESSIVE;
				CLANG_CXX_LANGUAGE_STANDARD = "gnu++14";
				CLANG_CXX_LIBRARY = "libc++";
				CLANG_ENABLE_MODULES = YES;
				CLANG_ENABLE_OBJC_ARC = YES;
				CLANG_WARN_BLOCK_CAPTURE_AUTORELEASING = YES;
				CLANG_WARN_BOOL_CONVERSION = YES;
				CLANG_WARN_COMMA = YES;
				CLANG_WARN_CONSTANT_CONVERSION = YES;
				CLANG_WARN_DEPRECATED_OBJC_IMPLEMENTATIONS = YES;
				CLANG_WARN_DIRECT_OBJC_ISA_USAGE = YES_ERROR;
				CLANG_WARN_DOCUMENTATION_COMMENTS = YES;
				CLANG_WARN_EMPTY_BODY = YES;
				CLANG_WARN_ENUM_CONVERSION = YES;
				CLANG_WARN_INFINITE_RECURSION = YES;
				CLANG_WARN_INT_CONVERSION = YES;
				CLANG_WARN_NON_LITERAL_NULL_CONVERSION = YES;
				CLANG_WARN_OBJC_IMPLICIT_RETAIN_SELF = YES;
				CLANG_WARN_OBJC_LITERAL_CONVERSION = YES;
				CLANG_WARN_OBJC_ROOT_CLASS = YES_ERROR;
				CLANG_WARN_RANGE_LOOP_ANALYSIS = YES;
				CLANG_WARN_STRICT_PROTOTYPES = YES;
				CLANG_WARN_SUSPICIOUS_MOVE = YES;
				CLANG_WARN_UNGUARDED_AVAILABILITY = YES_AGGRESSIVE;
				CLANG_WARN_UNREACHABLE_CODE = YES;
				CLANG_WARN__DUPLICATE_METHOD_MATCH = YES;
				CODE_SIGN_IDENTITY = "iPhone Developer";
				COPY_PHASE_STRIP = NO;
				DEBUG_INFORMATION_FORMAT = "dwarf-with-dsym";
				ENABLE_NS_ASSERTIONS = NO;
				ENABLE_STRICT_OBJC_MSGSEND = YES;
				GCC_C_LANGUAGE_STANDARD = gnu11;
				GCC_NO_COMMON_BLOCKS = YES;
				GCC_WARN_64_TO_32_BIT_CONVERSION = YES;
				GCC_WARN_ABOUT_RETURN_TYPE = YES_ERROR;
				GCC_WARN_UNDECLARED_SELECTOR = YES;
				GCC_WARN_UNINITIALIZED_AUTOS = YES_AGGRESSIVE;
				GCC_WARN_UNUSED_FUNCTION = YES;
				GCC_WARN_UNUSED_VARIABLE = YES;
				IPHONEOS_DEPLOYMENT_TARGET = 10.0;
				MTL_ENABLE_DEBUG_INFO = NO;
				SDKROOT = iphoneos;
				SWIFT_OPTIMIZATION_LEVEL = "-Owholemodule";
				VALIDATE_PRODUCT = YES;
			};
			name = Release;
		};
		4695FD86206C682D002509F7 /* Debug */ = {
			isa = XCBuildConfiguration;
			baseConfigurationReference = A36A9A42998AC7D394629D5E /* Pods-FarBeyond.debug.xcconfig */;
			buildSettings = {
				ASSETCATALOG_COMPILER_APPICON_NAME = AppIcon;
				CODE_SIGN_STYLE = Automatic;
				DEVELOPMENT_TEAM = DGA463BS8X;
				INFOPLIST_FILE = FarBeyond/Info.plist;
				LD_RUNPATH_SEARCH_PATHS = "$(inherited) @executable_path/Frameworks";
				PRODUCT_BUNDLE_IDENTIFIER = Milgrew.FarBeyond;
				PRODUCT_NAME = "$(TARGET_NAME)";
				SWIFT_VERSION = 4.0;
				TARGETED_DEVICE_FAMILY = "1,2";
			};
			name = Debug;
		};
		4695FD87206C682D002509F7 /* Release */ = {
			isa = XCBuildConfiguration;
			baseConfigurationReference = 201D320CFC0DF1BA9DF23EF2 /* Pods-FarBeyond.release.xcconfig */;
			buildSettings = {
				ASSETCATALOG_COMPILER_APPICON_NAME = AppIcon;
				CODE_SIGN_STYLE = Automatic;
				DEVELOPMENT_TEAM = DGA463BS8X;
				INFOPLIST_FILE = FarBeyond/Info.plist;
				LD_RUNPATH_SEARCH_PATHS = "$(inherited) @executable_path/Frameworks";
				PRODUCT_BUNDLE_IDENTIFIER = Milgrew.FarBeyond;
				PRODUCT_NAME = "$(TARGET_NAME)";
				SWIFT_VERSION = 4.0;
				TARGETED_DEVICE_FAMILY = "1,2";
			};
			name = Release;
		};
		4695FD89206C682D002509F7 /* Debug */ = {
			isa = XCBuildConfiguration;
			baseConfigurationReference = 9710BCF91E72F41903769CB8 /* Pods-FarBeyondTests.debug.xcconfig */;
			buildSettings = {
				ALWAYS_EMBED_SWIFT_STANDARD_LIBRARIES = YES;
				BUNDLE_LOADER = "$(TEST_HOST)";
				CODE_SIGN_STYLE = Automatic;
				INFOPLIST_FILE = FarBeyondTests/Info.plist;
				LD_RUNPATH_SEARCH_PATHS = "$(inherited) @executable_path/Frameworks @loader_path/Frameworks";
				PRODUCT_BUNDLE_IDENTIFIER = Milgrew.FarBeyondTests;
				PRODUCT_NAME = "$(TARGET_NAME)";
				SWIFT_VERSION = 4.0;
				TARGETED_DEVICE_FAMILY = "1,2";
				TEST_HOST = "$(BUILT_PRODUCTS_DIR)/FarBeyond.app/FarBeyond";
			};
			name = Debug;
		};
		4695FD8A206C682D002509F7 /* Release */ = {
			isa = XCBuildConfiguration;
			baseConfigurationReference = 18997CA210787D69F4C9B84A /* Pods-FarBeyondTests.release.xcconfig */;
			buildSettings = {
				ALWAYS_EMBED_SWIFT_STANDARD_LIBRARIES = YES;
				BUNDLE_LOADER = "$(TEST_HOST)";
				CODE_SIGN_STYLE = Automatic;
				INFOPLIST_FILE = FarBeyondTests/Info.plist;
				LD_RUNPATH_SEARCH_PATHS = "$(inherited) @executable_path/Frameworks @loader_path/Frameworks";
				PRODUCT_BUNDLE_IDENTIFIER = Milgrew.FarBeyondTests;
				PRODUCT_NAME = "$(TARGET_NAME)";
				SWIFT_VERSION = 4.0;
				TARGETED_DEVICE_FAMILY = "1,2";
				TEST_HOST = "$(BUILT_PRODUCTS_DIR)/FarBeyond.app/FarBeyond";
			};
			name = Release;
		};
		4695FD8C206C682D002509F7 /* Debug */ = {
			isa = XCBuildConfiguration;
			baseConfigurationReference = 576B57DEE4B7CAB15AC3411A /* Pods-FarBeyondUITests.debug.xcconfig */;
			buildSettings = {
				ALWAYS_EMBED_SWIFT_STANDARD_LIBRARIES = YES;
				CODE_SIGN_STYLE = Automatic;
				INFOPLIST_FILE = FarBeyondUITests/Info.plist;
				LD_RUNPATH_SEARCH_PATHS = "$(inherited) @executable_path/Frameworks @loader_path/Frameworks";
				PRODUCT_BUNDLE_IDENTIFIER = Milgrew.FarBeyondUITests;
				PRODUCT_NAME = "$(TARGET_NAME)";
				SWIFT_VERSION = 4.0;
				TARGETED_DEVICE_FAMILY = "1,2";
				TEST_TARGET_NAME = FarBeyond;
			};
			name = Debug;
		};
		4695FD8D206C682D002509F7 /* Release */ = {
			isa = XCBuildConfiguration;
			baseConfigurationReference = 3FA9377AE98257D9FF83A237 /* Pods-FarBeyondUITests.release.xcconfig */;
			buildSettings = {
				ALWAYS_EMBED_SWIFT_STANDARD_LIBRARIES = YES;
				CODE_SIGN_STYLE = Automatic;
				INFOPLIST_FILE = FarBeyondUITests/Info.plist;
				LD_RUNPATH_SEARCH_PATHS = "$(inherited) @executable_path/Frameworks @loader_path/Frameworks";
				PRODUCT_BUNDLE_IDENTIFIER = Milgrew.FarBeyondUITests;
				PRODUCT_NAME = "$(TARGET_NAME)";
				SWIFT_VERSION = 4.0;
				TARGETED_DEVICE_FAMILY = "1,2";
				TEST_TARGET_NAME = FarBeyond;
			};
			name = Release;
		};
/* End XCBuildConfiguration section */

/* Begin XCConfigurationList section */
		4695FD58206C682D002509F7 /* Build configuration list for PBXProject "FarBeyond" */ = {
			isa = XCConfigurationList;
			buildConfigurations = (
				4695FD83206C682D002509F7 /* Debug */,
				4695FD84206C682D002509F7 /* Release */,
			);
			defaultConfigurationIsVisible = 0;
			defaultConfigurationName = Release;
		};
		4695FD85206C682D002509F7 /* Build configuration list for PBXNativeTarget "FarBeyond" */ = {
			isa = XCConfigurationList;
			buildConfigurations = (
				4695FD86206C682D002509F7 /* Debug */,
				4695FD87206C682D002509F7 /* Release */,
			);
			defaultConfigurationIsVisible = 0;
			defaultConfigurationName = Release;
		};
		4695FD88206C682D002509F7 /* Build configuration list for PBXNativeTarget "FarBeyondTests" */ = {
			isa = XCConfigurationList;
			buildConfigurations = (
				4695FD89206C682D002509F7 /* Debug */,
				4695FD8A206C682D002509F7 /* Release */,
			);
			defaultConfigurationIsVisible = 0;
			defaultConfigurationName = Release;
		};
		4695FD8B206C682D002509F7 /* Build configuration list for PBXNativeTarget "FarBeyondUITests" */ = {
			isa = XCConfigurationList;
			buildConfigurations = (
				4695FD8C206C682D002509F7 /* Debug */,
				4695FD8D206C682D002509F7 /* Release */,
			);
			defaultConfigurationIsVisible = 0;
			defaultConfigurationName = Release;
		};
/* End XCConfigurationList section */
	};
	rootObject = 4695FD55206C682D002509F7 /* Project object */;
}
